
Microsoft Visual Studio Solution File, Format Version 12.00
# Visual Studio Version 16
VisualStudioVersion = 16.0.31729.503
MinimumVisualStudioVersion = 10.0.40219.1
Project("{FAE04EC0-301F-11D3-BF4B-00C04F79EFBC}") = "App_ARRIENDA_BICIS", "App_ARRIENDA_BICIS\App_ARRIENDA_BICIS.csproj", "{5DFD3C49-E0EE-4097-83E6-04DCE71C1B23}"
EndProject
Global
	GlobalSection(SolutionConfigurationPlatforms) = preSolution
		Debug|Any CPU = Debug|Any CPU
		Release|Any CPU = Release|Any CPU
	EndGlobalSection
	GlobalSection(ProjectConfigurationPlatforms) = postSolution
		{5DFD3C49-E0EE-4097-83E6-04DCE71C1B23}.Debug|Any CPU.ActiveCfg = Debug|Any CPU
		{5DFD3C49-E0EE-4097-83E6-04DCE71C1B23}.Debug|Any CPU.Build.0 = Debug|Any CPU
		{5DFD3C49-E0EE-4097-83E6-04DCE71C1B23}.Release|Any CPU.ActiveCfg = Release|Any CPU
		{5DFD3C49-E0EE-4097-83E6-04DCE71C1B23}.Release|Any CPU.Build.0 = Release|Any CPU
	EndGlobalSection
	GlobalSection(SolutionProperties) = preSolution
		HideSolutionNode = FALSE
	EndGlobalSection
	GlobalSection(ExtensibilityGlobals) = postSolution
		SolutionGuid = {978A3DB4-AF71-4B62-8DB8-E4690E127496}
	EndGlobalSection
EndGlobal
